
Microsoft Visual Studio Solution File, Format Version 12.00
# Visual Studio Version 16
VisualStudioVersion = 16.0.31729.503
MinimumVisualStudioVersion = 10.0.40219.1
Project("{FAE04EC0-301F-11D3-BF4B-00C04F79EFBC}") = "Opgave2", "Opgave2\Opgave2.csproj", "{36B23586-5C38-4D55-8496-CF2D01D2171C}"
EndProject
Global
	GlobalSection(SolutionConfigurationPlatforms) = preSolution
		Debug|Any CPU = Debug|Any CPU
		Release|Any CPU = Release|Any CPU
	EndGlobalSection
	GlobalSection(ProjectConfigurationPlatforms) = postSolution
		{36B23586-5C38-4D55-8496-CF2D01D2171C}.Debug|Any CPU.ActiveCfg = Debug|Any CPU
		{36B23586-5C38-4D55-8496-CF2D01D2171C}.Debug|Any CPU.Build.0 = Debug|Any CPU
		{36B23586-5C38-4D55-8496-CF2D01D2171C}.Release|Any CPU.ActiveCfg = Release|Any CPU
		{36B23586-5C38-4D55-8496-CF2D01D2171C}.Release|Any CPU.Build.0 = Release|Any CPU
	EndGlobalSection
	GlobalSection(SolutionProperties) = preSolution
		HideSolutionNode = FALSE
	EndGlobalSection
	GlobalSection(ExtensibilityGlobals) = postSolution
		SolutionGuid = {F58A7D59-45E0-4083-930C-718CAF1EE300}
	EndGlobalSection
EndGlobal
